
Microsoft Visual Studio Solution File, Format Version 12.00
# Visual Studio 15
VisualStudioVersion = 15.0.34112.143
MinimumVisualStudioVersion = 10.0.40219.1
Project("{FAE04EC0-301F-11D3-BF4B-00C04F79EFBC}") = "CrudFinals", "CrudFinals\CrudFinals.csproj", "{0463758A-0198-4ABE-8B3F-4CE38BD9CC6C}"
EndProject
Global
	GlobalSection(SolutionConfigurationPlatforms) = preSolution
		Debug|Any CPU = Debug|Any CPU
		Release|Any CPU = Release|Any CPU
	EndGlobalSection
	GlobalSection(ProjectConfigurationPlatforms) = postSolution
		{0463758A-0198-4ABE-8B3F-4CE38BD9CC6C}.Debug|Any CPU.ActiveCfg = Debug|Any CPU
		{0463758A-0198-4ABE-8B3F-4CE38BD9CC6C}.Debug|Any CPU.Build.0 = Debug|Any CPU
		{0463758A-0198-4ABE-8B3F-4CE38BD9CC6C}.Release|Any CPU.ActiveCfg = Release|Any CPU
		{0463758A-0198-4ABE-8B3F-4CE38BD9CC6C}.Release|Any CPU.Build.0 = Release|Any CPU
	EndGlobalSection
	GlobalSection(SolutionProperties) = preSolution
		HideSolutionNode = FALSE
	EndGlobalSection
	GlobalSection(ExtensibilityGlobals) = postSolution
		SolutionGuid = {14596628-B2AB-4E89-8312-5584AC86CD06}
	EndGlobalSection
EndGlobal
